[[package]]
name = "antlr4-python3-runtime"
version = "4.11.1"
description = "ANTLR 4.11.1 runtime for Python 3"
category = "main"
optional = false
python-versions = "*"

[metadata]
lock-version = "1.1"
python-versions = "^3.10"
content-hash = "0359302df0b65c6c7060eebcd09b60123a2b61543538c3e88c0c0ffbcf77d8d5"

[metadata.files]
antlr4-python3-runtime = [
    {file = "antlr4-python3-runtime-4.11.1.tar.gz", hash = "sha256:a53de701312f9bdacc5258a6872cd6c62b90d3a90ae25e494026f76267333b60"},
    {file = "antlr4_python3_runtime-4.11.1-py3-none-any.whl", hash = "sha256:ff1954eda1ca9072c02bf500387d0c86cb549bef4dbb3b64f39468b547ec5f6b"},
]
